{
    "_readme": [
        "This file locks the dependencies of your project to a known state",
        "Read more about it at https://getcomposer.org/doc/01-basic-usage.md#composer-lock-the-lock-file",
        "This file is @generated automatically"
    ],
    "hash": "70f165913c11595ed332dca407be939e",
    "content-hash": "adc392ef7340a30855efcdacc40133fd",
    "packages": [
        {
            "name": "jakeasmith/http_build_url",
            "version": "0.1.5",
            "source": {
                "type": "git",
                "url": "https://github.com/jakeasmith/http_build_url.git",
                "reference": "9d84710feab0f3d7c04c1e11dccef30ee350aad6"
            },
            "dist": {
                "type": "zip",
                "url": "https://api.github.com/repos/jakeasmith/http_build_url/zipball/9d84710feab0f3d7c04c1e11dccef30ee350aad6",
                "reference": "9d84710feab0f3d7c04c1e11dccef30ee350aad6",
                "shasum": ""
            },
            "require-dev": {
                "phpunit/phpunit": "~3.7"
            },
            "type": "library",
            "autoload": {
                "files": [
                    "src/http_build_url.php"
                ]
            },
            "notification-url": "https://packagist.org/downloads/",
            "license": [
                "MIT"
            ],
            "authors": [
                {
                    "name": "Jake A. Smith",
                    "email": "theman@jakeasmith.com"
                }
            ],
            "description": "Provides functionality for http_build_url() to environments without pecl_http.",
            "time": "2014-11-17 16:24:50"
        },
        {
            "name": "scotteh/php-dom-wrapper",
            "version": "0.7.2",
            "source": {
                "type": "git",
                "url": "https://github.com/scotteh/php-dom-wrapper.git",
                "reference": "b6bbe6a24a658080795d7f4fe5a4b465ad2325da"
            },
            "dist": {
                "type": "zip",
                "url": "https://api.github.com/repos/scotteh/php-dom-wrapper/zipball/b6bbe6a24a658080795d7f4fe5a4b465ad2325da",
                "reference": "b6bbe6a24a658080795d7f4fe5a4b465ad2325da",
                "shasum": ""
            },
            "require": {
                "ext-libxml": "*",
                "ext-mbstring": "*",
                "lib-libxml": ">=2.7.7",
                "php": ">=5.5.9",
                "symfony/css-selector": "^3.1"
            },
            "require-dev": {
                "phpdocumentor/phpdocumentor": "2.8.*",
                "phpunit/phpunit": "4.6.*"
            },
            "type": "library",
            "extra": {
                "branch-alias": {
                    "dev-master": "0.7-dev"
                }
            },
            "autoload": {
                "psr-4": {
                    "DOMWrap\\": "src/"
                }
            },
            "notification-url": "https://packagist.org/downloads/",
            "license": [
                "BSD-3-Clause"
            ],
            "authors": [
                {
                    "name": "Andrew Scott",
                    "email": "andrew@andrewscott.net.au"
                }
            ],
            "description": "Simple DOM wrapper to select nodes using either CSS or XPath expressions and manipulate results quickly and easily.",
            "homepage": "https://github.com/scotteh/php-dom-wrapper",
            "keywords": [
                "css",
                "dom",
                "html",
                "parser",
                "wrapper"
            ],
            "time": "2017-01-12 09:58:56"
        },
        {
            "name": "symfony/css-selector",
            "version": "v3.2.3",
            "source": {
                "type": "git",
                "url": "https://github.com/symfony/css-selector.git",
                "reference": "f0e628f04fc055c934b3211cfabdb1c59eefbfaa"
            },
            "dist": {
                "type": "zip",
                "url": "https://api.github.com/repos/symfony/css-selector/zipball/f0e628f04fc055c934b3211cfabdb1c59eefbfaa",
                "reference": "f0e628f04fc055c934b3211cfabdb1c59eefbfaa",
                "shasum": ""
            },
            "require": {
                "php": ">=5.5.9"
            },
            "type": "library",
            "extra": {
                "branch-alias": {
                    "dev-master": "3.2-dev"
                }
            },
            "autoload": {
                "psr-4": {
                    "Symfony\\Component\\CssSelector\\": ""
                },
                "exclude-from-classmap": [
                    "/Tests/"
                ]
            },
            "notification-url": "https://packagist.org/downloads/",
            "license": [
                "MIT"
            ],
            "authors": [
                {
                    "name": "Jean-François Simon",
                    "email": "jeanfrancois.simon@sensiolabs.com"
                },
                {
                    "name": "Fabien Potencier",
                    "email": "fabien@symfony.com"
                },
                {
                    "name": "Symfony Community",
                    "homepage": "https://symfony.com/contributors"
                }
            ],
            "description": "Symfony CssSelector Component",
            "homepage": "https://symfony.com",
            "time": "2017-01-02 20:32:22"
        }
    ],
    "packages-dev": [],
    "aliases": [],
    "minimum-stability": "stable",
    "stability-flags": [],
    "prefer-stable": false,
    "prefer-lowest": false,
    "platform": {
        "ext-mbstring": "*"
    },
    "platform-dev": []
}
